
Microsoft Visual Studio Solution File, Format Version 12.00
Project("{FAE04EC0-301F-11D3-BF4B-00C04F79EFBC}") = "Imuri", "Imuri\Imuri.csproj", "{E89C0984-ADE0-4E9C-845E-0DC8155470BD}"
EndProject
Project("{FAE04EC0-301F-11D3-BF4B-00C04F79EFBC}") = "GS", "GS\GS.csproj", "{DE0E12B6-F85F-43B0-8094-369956DAF177}"
EndProject
Project("{FAE04EC0-301F-11D3-BF4B-00C04F79EFBC}") = "Inviscan.API", "Inviscan\Inviscan.API\Inviscan.API.csproj", "{751ACE6D-1F03-48FC-A356-D2C4F9125B43}"
EndProject
Project("{FAE04EC0-301F-11D3-BF4B-00C04F79EFBC}") = "Inviscan.API.Tests", "Inviscan\Inviscan.API.Tests\Inviscan.API.Tests.csproj", "{916C1F63-276D-4010-9286-DB250027AAE3}"
EndProject
Project("{2150E333-8FDC-42A3-9474-1A3956D46DE8}") = "Inviscan", "Inviscan", "{8CC0FE21-21D5-4612-8080-16D4FA131644}"
EndProject
Project("{FAE04EC0-301F-11D3-BF4B-00C04F79EFBC}") = "Inviscan.Sync.Tests", "Inviscan\Inviscan.Sync.Tests\Inviscan.Sync.Tests.csproj", "{C88BC193-6870-44BB-813F-800C3243CAED}"
EndProject
Project("{FAE04EC0-301F-11D3-BF4B-00C04F79EFBC}") = "Inviscan.Sync", "Inviscan\Inviscan.Sync\Inviscan.Sync.csproj", "{35F6A5CD-2514-44E9-B2D9-7BFE30CF64C6}"
EndProject
Project("{FAE04EC0-301F-11D3-BF4B-00C04F79EFBC}") = "Inviscan.Models", "Inviscan\Inviscan.Models\Inviscan.Models.csproj", "{740EEFE5-3B12-4B80-A59B-69F702B2E40E}"
EndProject
Global
	GlobalSection(SolutionConfigurationPlatforms) = preSolution
		Debug|Any CPU = Debug|Any CPU
		Release|Any CPU = Release|Any CPU
	EndGlobalSection
	GlobalSection(ProjectConfigurationPlatforms) = postSolution
		{E89C0984-ADE0-4E9C-845E-0DC8155470BD}.Debug|Any CPU.ActiveCfg = Debug|Any CPU
		{E89C0984-ADE0-4E9C-845E-0DC8155470BD}.Debug|Any CPU.Build.0 = Debug|Any CPU
		{E89C0984-ADE0-4E9C-845E-0DC8155470BD}.Release|Any CPU.ActiveCfg = Release|Any CPU
		{E89C0984-ADE0-4E9C-845E-0DC8155470BD}.Release|Any CPU.Build.0 = Release|Any CPU
		{DE0E12B6-F85F-43B0-8094-369956DAF177}.Debug|Any CPU.ActiveCfg = Debug|Any CPU
		{DE0E12B6-F85F-43B0-8094-369956DAF177}.Debug|Any CPU.Build.0 = Debug|Any CPU
		{DE0E12B6-F85F-43B0-8094-369956DAF177}.Release|Any CPU.ActiveCfg = Release|Any CPU
		{DE0E12B6-F85F-43B0-8094-369956DAF177}.Release|Any CPU.Build.0 = Release|Any CPU
		{751ACE6D-1F03-48FC-A356-D2C4F9125B43}.Debug|Any CPU.ActiveCfg = Debug|Any CPU
		{751ACE6D-1F03-48FC-A356-D2C4F9125B43}.Debug|Any CPU.Build.0 = Debug|Any CPU
		{751ACE6D-1F03-48FC-A356-D2C4F9125B43}.Release|Any CPU.ActiveCfg = Release|Any CPU
		{751ACE6D-1F03-48FC-A356-D2C4F9125B43}.Release|Any CPU.Build.0 = Release|Any CPU
		{916C1F63-276D-4010-9286-DB250027AAE3}.Debug|Any CPU.ActiveCfg = Debug|Any CPU
		{916C1F63-276D-4010-9286-DB250027AAE3}.Debug|Any CPU.Build.0 = Debug|Any CPU
		{916C1F63-276D-4010-9286-DB250027AAE3}.Release|Any CPU.ActiveCfg = Release|Any CPU
		{916C1F63-276D-4010-9286-DB250027AAE3}.Release|Any CPU.Build.0 = Release|Any CPU
		{C88BC193-6870-44BB-813F-800C3243CAED}.Debug|Any CPU.ActiveCfg = Debug|Any CPU
		{C88BC193-6870-44BB-813F-800C3243CAED}.Debug|Any CPU.Build.0 = Debug|Any CPU
		{C88BC193-6870-44BB-813F-800C3243CAED}.Release|Any CPU.ActiveCfg = Release|Any CPU
		{C88BC193-6870-44BB-813F-800C3243CAED}.Release|Any CPU.Build.0 = Release|Any CPU
		{35F6A5CD-2514-44E9-B2D9-7BFE30CF64C6}.Debug|Any CPU.ActiveCfg = Debug|Any CPU
		{35F6A5CD-2514-44E9-B2D9-7BFE30CF64C6}.Debug|Any CPU.Build.0 = Debug|Any CPU
		{35F6A5CD-2514-44E9-B2D9-7BFE30CF64C6}.Release|Any CPU.ActiveCfg = Release|Any CPU
		{35F6A5CD-2514-44E9-B2D9-7BFE30CF64C6}.Release|Any CPU.Build.0 = Release|Any CPU
		{740EEFE5-3B12-4B80-A59B-69F702B2E40E}.Debug|Any CPU.ActiveCfg = Debug|Any CPU
		{740EEFE5-3B12-4B80-A59B-69F702B2E40E}.Debug|Any CPU.Build.0 = Debug|Any CPU
		{740EEFE5-3B12-4B80-A59B-69F702B2E40E}.Release|Any CPU.ActiveCfg = Release|Any CPU
		{740EEFE5-3B12-4B80-A59B-69F702B2E40E}.Release|Any CPU.Build.0 = Release|Any CPU
	EndGlobalSection
	GlobalSection(NestedProjects) = preSolution
		{751ACE6D-1F03-48FC-A356-D2C4F9125B43} = {8CC0FE21-21D5-4612-8080-16D4FA131644}
		{916C1F63-276D-4010-9286-DB250027AAE3} = {8CC0FE21-21D5-4612-8080-16D4FA131644}
		{C88BC193-6870-44BB-813F-800C3243CAED} = {8CC0FE21-21D5-4612-8080-16D4FA131644}
		{35F6A5CD-2514-44E9-B2D9-7BFE30CF64C6} = {8CC0FE21-21D5-4612-8080-16D4FA131644}
		{740EEFE5-3B12-4B80-A59B-69F702B2E40E} = {8CC0FE21-21D5-4612-8080-16D4FA131644}
	EndGlobalSection
EndGlobal
